
Microsoft Visual Studio Solution File, Format Version 12.00
Project("{FAE04EC0-301F-11D3-BF4B-00C04F79EFBC}") = "PlanSphere.AppHost", "src\PlanSphere.AppHost\PlanSphere.AppHost.csproj", "{BEB88CAA-3244-43C3-9F43-6A7F9D322FE0}"
EndProject
Project("{2150E333-8FDC-42A3-9474-1A3956D46DE8}") = "src", "src", "{A239BAF3-B6D5-481E-AF36-A56995E24C0D}"
EndProject
Project("{2150E333-8FDC-42A3-9474-1A3956D46DE8}") = "lib", "lib", "{F12AB466-C627-4F79-9C77-14679B7E2FE6}"
EndProject
Project("{2150E333-8FDC-42A3-9474-1A3956D46DE8}") = "tests", "tests", "{F0FD71EA-9DB9-4C6F-8D38-A686205942F9}"
EndProject
Project("{FAE04EC0-301F-11D3-BF4B-00C04F79EFBC}") = "PlanSphere.Core", "lib\PlanSphere.Core\PlanSphere.Core.csproj", "{D867FB1E-7DFC-4141-9B34-9CDDE714BA27}"
EndProject
Project("{FAE04EC0-301F-11D3-BF4B-00C04F79EFBC}") = "PlanSphere.ServiceDefaults", "src\PlanSphere.ServiceDefaults\PlanSphere.ServiceDefaults.csproj", "{B4CE098A-D7F3-49E0-A613-67AE2B949A30}"
EndProject
Project("{FAE04EC0-301F-11D3-BF4B-00C04F79EFBC}") = "PlanSphere.SystemApi", "src\PlanSphere.SystemApi\PlanSphere.SystemApi.csproj", "{9B96103A-27E8-411C-9C98-B92DB239D8CA}"
EndProject
Project("{FAE04EC0-301F-11D3-BF4B-00C04F79EFBC}") = "PlanSphere.Infrastructure", "lib\PlanSphere.Infrastructure\PlanSphere.Infrastructure.csproj", "{8A071151-DBCB-4E8A-BAF5-1CE46D92AD1C}"
EndProject
Project("{FAE04EC0-301F-11D3-BF4B-00C04F79EFBC}") = "PlanSphere.Domain", "lib\PlanSphere.Domain\PlanSphere.Domain.csproj", "{6184A3D6-4955-48BC-91B9-D5466273195B}"
EndProject
Global
	GlobalSection(SolutionConfigurationPlatforms) = preSolution
		Debug|Any CPU = Debug|Any CPU
		Release|Any CPU = Release|Any CPU
	EndGlobalSection
	GlobalSection(ProjectConfigurationPlatforms) = postSolution
		{BEB88CAA-3244-43C3-9F43-6A7F9D322FE0}.Debug|Any CPU.ActiveCfg = Debug|Any CPU
		{BEB88CAA-3244-43C3-9F43-6A7F9D322FE0}.Debug|Any CPU.Build.0 = Debug|Any CPU
		{BEB88CAA-3244-43C3-9F43-6A7F9D322FE0}.Release|Any CPU.ActiveCfg = Release|Any CPU
		{BEB88CAA-3244-43C3-9F43-6A7F9D322FE0}.Release|Any CPU.Build.0 = Release|Any CPU
		{D867FB1E-7DFC-4141-9B34-9CDDE714BA27}.Debug|Any CPU.ActiveCfg = Debug|Any CPU
		{D867FB1E-7DFC-4141-9B34-9CDDE714BA27}.Debug|Any CPU.Build.0 = Debug|Any CPU
		{D867FB1E-7DFC-4141-9B34-9CDDE714BA27}.Release|Any CPU.ActiveCfg = Release|Any CPU
		{D867FB1E-7DFC-4141-9B34-9CDDE714BA27}.Release|Any CPU.Build.0 = Release|Any CPU
		{B4CE098A-D7F3-49E0-A613-67AE2B949A30}.Debug|Any CPU.ActiveCfg = Debug|Any CPU
		{B4CE098A-D7F3-49E0-A613-67AE2B949A30}.Debug|Any CPU.Build.0 = Debug|Any CPU
		{B4CE098A-D7F3-49E0-A613-67AE2B949A30}.Release|Any CPU.ActiveCfg = Release|Any CPU
		{B4CE098A-D7F3-49E0-A613-67AE2B949A30}.Release|Any CPU.Build.0 = Release|Any CPU
		{9B96103A-27E8-411C-9C98-B92DB239D8CA}.Debug|Any CPU.ActiveCfg = Debug|Any CPU
		{9B96103A-27E8-411C-9C98-B92DB239D8CA}.Debug|Any CPU.Build.0 = Debug|Any CPU
		{9B96103A-27E8-411C-9C98-B92DB239D8CA}.Release|Any CPU.ActiveCfg = Release|Any CPU
		{9B96103A-27E8-411C-9C98-B92DB239D8CA}.Release|Any CPU.Build.0 = Release|Any CPU
		{8A071151-DBCB-4E8A-BAF5-1CE46D92AD1C}.Debug|Any CPU.ActiveCfg = Debug|Any CPU
		{8A071151-DBCB-4E8A-BAF5-1CE46D92AD1C}.Debug|Any CPU.Build.0 = Debug|Any CPU
		{8A071151-DBCB-4E8A-BAF5-1CE46D92AD1C}.Release|Any CPU.ActiveCfg = Release|Any CPU
		{8A071151-DBCB-4E8A-BAF5-1CE46D92AD1C}.Release|Any CPU.Build.0 = Release|Any CPU
		{6184A3D6-4955-48BC-91B9-D5466273195B}.Debug|Any CPU.ActiveCfg = Debug|Any CPU
		{6184A3D6-4955-48BC-91B9-D5466273195B}.Debug|Any CPU.Build.0 = Debug|Any CPU
		{6184A3D6-4955-48BC-91B9-D5466273195B}.Release|Any CPU.ActiveCfg = Release|Any CPU
		{6184A3D6-4955-48BC-91B9-D5466273195B}.Release|Any CPU.Build.0 = Release|Any CPU
	EndGlobalSection
	GlobalSection(NestedProjects) = preSolution
		{BEB88CAA-3244-43C3-9F43-6A7F9D322FE0} = {A239BAF3-B6D5-481E-AF36-A56995E24C0D}
		{D867FB1E-7DFC-4141-9B34-9CDDE714BA27} = {F12AB466-C627-4F79-9C77-14679B7E2FE6}
		{B4CE098A-D7F3-49E0-A613-67AE2B949A30} = {A239BAF3-B6D5-481E-AF36-A56995E24C0D}
		{9B96103A-27E8-411C-9C98-B92DB239D8CA} = {A239BAF3-B6D5-481E-AF36-A56995E24C0D}
		{8A071151-DBCB-4E8A-BAF5-1CE46D92AD1C} = {F12AB466-C627-4F79-9C77-14679B7E2FE6}
		{6184A3D6-4955-48BC-91B9-D5466273195B} = {F12AB466-C627-4F79-9C77-14679B7E2FE6}
	EndGlobalSection
EndGlobal
